// !$*UTF8*$!
{
	archiveVersion = 1;
	classes = {
	};
	objectVersion = 50;
	objects = {

/* Begin PBXBuildFile section */
		849192F726A9EDE100E0C6C3 /* CustomHeader.swift in Sources */ = {isa = PBXBuildFile; fileRef = 849192F626A9EDE100E0C6C3 /* CustomHeader.swift */; };
		849192FA26A9F18B00E0C6C3 /* CustomButton.swift in Sources */ = {isa = PBXBuildFile; fileRef = 849192F926A9F18B00E0C6C3 /* CustomButton.swift */; };
		849192FC26A9F74D00E0C6C3 /* CustomSegment.swift in Sources */ = {isa = PBXBuildFile; fileRef = 849192FB26A9F74D00E0C6C3 /* CustomSegment.swift */; };
		94AE292926A9E61000049A46 /* AppDelegate.swift in Sources */ = {isa = PBXBuildFile; fileRef = 94AE292826A9E61000049A46 /* AppDelegate.swift */; };
		94AE292B26A9E61000049A46 /* SceneDelegate.swift in Sources */ = {isa = PBXBuildFile; fileRef = 94AE292A26A9E61000049A46 /* SceneDelegate.swift */; };
		94AE293026A9E61000049A46 /* Main.storyboard in Resources */ = {isa = PBXBuildFile; fileRef = 94AE292E26A9E61000049A46 /* Main.storyboard */; };
		94AE293226A9E61200049A46 /* Assets.xcassets in Resources */ = {isa = PBXBuildFile; fileRef = 94AE293126A9E61200049A46 /* Assets.xcassets */; };
		94AE293526A9E61200049A46 /* LaunchScreen.storyboard in Resources */ = {isa = PBXBuildFile; fileRef = 94AE293326A9E61200049A46 /* LaunchScreen.storyboard */; };
		94AE294326A9E6E200049A46 /* BMICalculatorViewController.swift in Sources */ = {isa = PBXBuildFile; fileRef = 94AE294126A9E6E200049A46 /* BMICalculatorViewController.swift */; };
		94AE294426A9E6E200049A46 /* BMICalculatorViewController.xib in Resources */ = {isa = PBXBuildFile; fileRef = 94AE294226A9E6E200049A46 /* BMICalculatorViewController.xib */; };
		94AE294826A9E7BE00049A46 /* BMICalculatorViewModel.swift in Sources */ = {isa = PBXBuildFile; fileRef = 94AE294726A9E7BE00049A46 /* BMICalculatorViewModel.swift */; };
		94AE294D26A9EBB500049A46 /* CustomNavigation.xib in Resources */ = {isa = PBXBuildFile; fileRef = 94AE294C26A9EBB500049A46 /* CustomNavigation.xib */; };
/* End PBXBuildFile section */

/* Begin PBXFileReference section */
		849192F626A9EDE100E0C6C3 /* CustomHeader.swift */ = {isa = PBXFileReference; fileEncoding = 4; lastKnownFileType = sourcecode.swift; path = CustomHeader.swift; sourceTree = "<group>"; };
		849192F926A9F18B00E0C6C3 /* CustomButton.swift */ = {isa = PBXFileReference; fileEncoding = 4; lastKnownFileType = sourcecode.swift; path = CustomButton.swift; sourceTree = "<group>"; };
		849192FB26A9F74D00E0C6C3 /* CustomSegment.swift */ = {isa = PBXFileReference; lastKnownFileType = sourcecode.swift; path = CustomSegment.swift; sourceTree = "<group>"; };
		94AE292526A9E61000049A46 /* BestZeit.app */ = {isa = PBXFileReference; explicitFileType = wrapper.application; includeInIndex = 0; path = BestZeit.app; sourceTree = BUILT_PRODUCTS_DIR; };
		94AE292826A9E61000049A46 /* AppDelegate.swift */ = {isa = PBXFileReference; lastKnownFileType = sourcecode.swift; path = AppDelegate.swift; sourceTree = "<group>"; };
		94AE292A26A9E61000049A46 /* SceneDelegate.swift */ = {isa = PBXFileReference; lastKnownFileType = sourcecode.swift; path = SceneDelegate.swift; sourceTree = "<group>"; };
		94AE292F26A9E61000049A46 /* Base */ = {isa = PBXFileReference; lastKnownFileType = file.storyboard; name = Base; path = Base.lproj/Main.storyboard; sourceTree = "<group>"; };
		94AE293126A9E61200049A46 /* Assets.xcassets */ = {isa = PBXFileReference; lastKnownFileType = folder.assetcatalog; path = Assets.xcassets; sourceTree = "<group>"; };
		94AE293426A9E61200049A46 /* Base */ = {isa = PBXFileReference; lastKnownFileType = file.storyboard; name = Base; path = Base.lproj/LaunchScreen.storyboard; sourceTree = "<group>"; };
		94AE293626A9E61200049A46 /* Info.plist */ = {isa = PBXFileReference; lastKnownFileType = text.plist.xml; path = Info.plist; sourceTree = "<group>"; };
		94AE294126A9E6E200049A46 /* BMICalculatorViewController.swift */ = {isa = PBXFileReference; lastKnownFileType = sourcecode.swift; path = BMICalculatorViewController.swift; sourceTree = "<group>"; };
		94AE294226A9E6E200049A46 /* BMICalculatorViewController.xib */ = {isa = PBXFileReference; lastKnownFileType = file.xib; path = BMICalculatorViewController.xib; sourceTree = "<group>"; };
		94AE294726A9E7BE00049A46 /* BMICalculatorViewModel.swift */ = {isa = PBXFileReference; lastKnownFileType = sourcecode.swift; path = BMICalculatorViewModel.swift; sourceTree = "<group>"; };
		94AE294C26A9EBB500049A46 /* CustomNavigation.xib */ = {isa = PBXFileReference; lastKnownFileType = file.xib; path = CustomNavigation.xib; sourceTree = "<group>"; };
/* End PBXFileReference section */

/* Begin PBXFrameworksBuildPhase section */
		94AE292226A9E61000049A46 /* Frameworks */ = {
			isa = PBXFrameworksBuildPhase;
			buildActionMask = 2147483647;
			files = (
			);
			runOnlyForDeploymentPostprocessing = 0;
		};
/* End PBXFrameworksBuildPhase section */

/* Begin PBXGroup section */
		849192F826A9EE3C00E0C6C3 /* CustomNavigation */ = {
			isa = PBXGroup;
			children = (
				94AE294C26A9EBB500049A46 /* CustomNavigation.xib */,
				849192F626A9EDE100E0C6C3 /* CustomHeader.swift */,
			);
			path = CustomNavigation;
			sourceTree = "<group>";
		};
		849192FD26A9FBBA00E0C6C3 /* CustomViews */ = {
			isa = PBXGroup;
			children = (
				849192F926A9F18B00E0C6C3 /* CustomButton.swift */,
				849192FB26A9F74D00E0C6C3 /* CustomSegment.swift */,
			);
			path = CustomViews;
			sourceTree = "<group>";
		};
		94AE291C26A9E61000049A46 = {
			isa = PBXGroup;
			children = (
				94AE292726A9E61000049A46 /* BestZeit */,
				94AE292626A9E61000049A46 /* Products */,
			);
			sourceTree = "<group>";
		};
		94AE292626A9E61000049A46 /* Products */ = {
			isa = PBXGroup;
			children = (
				94AE292526A9E61000049A46 /* BestZeit.app */,
			);
			name = Products;
			sourceTree = "<group>";
		};
		94AE292726A9E61000049A46 /* BestZeit */ = {
			isa = PBXGroup;
			children = (
				94AE294026A9E68E00049A46 /* Model */,
				94AE293F26A9E68700049A46 /* View */,
				94AE293E26A9E68100049A46 /* ViewModel */,
				94AE292826A9E61000049A46 /* AppDelegate.swift */,
				94AE292A26A9E61000049A46 /* SceneDelegate.swift */,
				94AE292E26A9E61000049A46 /* Main.storyboard */,
				94AE293126A9E61200049A46 /* Assets.xcassets */,
				94AE293326A9E61200049A46 /* LaunchScreen.storyboard */,
				94AE293626A9E61200049A46 /* Info.plist */,
			);
			path = BestZeit;
			sourceTree = "<group>";
		};
		94AE293E26A9E68100049A46 /* ViewModel */ = {
			isa = PBXGroup;
			children = (
				94AE294726A9E7BE00049A46 /* BMICalculatorViewModel.swift */,
			);
			path = ViewModel;
			sourceTree = "<group>";
		};
		94AE293F26A9E68700049A46 /* View */ = {
			isa = PBXGroup;
			children = (
				849192FD26A9FBBA00E0C6C3 /* CustomViews */,
				94AE294A26A9EB8900049A46 /* BMICalculator */,
				849192F826A9EE3C00E0C6C3 /* CustomNavigation */,
			);
			path = View;
			sourceTree = "<group>";
		};
		94AE294026A9E68E00049A46 /* Model */ = {
			isa = PBXGroup;
			children = (
			);
			path = Model;
			sourceTree = "<group>";
		};
		94AE294A26A9EB8900049A46 /* BMICalculator */ = {
			isa = PBXGroup;
			children = (
				94AE294126A9E6E200049A46 /* BMICalculatorViewController.swift */,
				94AE294226A9E6E200049A46 /* BMICalculatorViewController.xib */,
			);
			path = BMICalculator;
			sourceTree = "<group>";
		};
/* End PBXGroup section */

/* Begin PBXNativeTarget section */
		94AE292426A9E61000049A46 /* BestZeit */ = {
			isa = PBXNativeTarget;
			buildConfigurationList = 94AE293926A9E61200049A46 /* Build configuration list for PBXNativeTarget "BestZeit" */;
			buildPhases = (
				94AE292126A9E61000049A46 /* Sources */,
				94AE292226A9E61000049A46 /* Frameworks */,
				94AE292326A9E61000049A46 /* Resources */,
			);
			buildRules = (
			);
			dependencies = (
			);
			name = BestZeit;
			productName = BestZeit;
			productReference = 94AE292526A9E61000049A46 /* BestZeit.app */;
			productType = "com.apple.product-type.application";
		};
/* End PBXNativeTarget section */

/* Begin PBXProject section */
		94AE291D26A9E61000049A46 /* Project object */ = {
			isa = PBXProject;
			attributes = {
				LastSwiftUpdateCheck = 1240;
				LastUpgradeCheck = 1240;
				TargetAttributes = {
					94AE292426A9E61000049A46 = {
						CreatedOnToolsVersion = 12.4;
					};
				};
			};
			buildConfigurationList = 94AE292026A9E61000049A46 /* Build configuration list for PBXProject "BestZeit" */;
			compatibilityVersion = "Xcode 9.3";
			developmentRegion = en;
			hasScannedForEncodings = 0;
			knownRegions = (
				en,
				Base,
			);
			mainGroup = 94AE291C26A9E61000049A46;
			productRefGroup = 94AE292626A9E61000049A46 /* Products */;
			projectDirPath = "";
			projectRoot = "";
			targets = (
				94AE292426A9E61000049A46 /* BestZeit */,
			);
		};
/* End PBXProject section */

/* Begin PBXResourcesBuildPhase section */
		94AE292326A9E61000049A46 /* Resources */ = {
			isa = PBXResourcesBuildPhase;
			buildActionMask = 2147483647;
			files = (
				94AE293526A9E61200049A46 /* LaunchScreen.storyboard in Resources */,
				94AE294D26A9EBB500049A46 /* CustomNavigation.xib in Resources */,
				94AE294426A9E6E200049A46 /* BMICalculatorViewController.xib in Resources */,
				94AE293226A9E61200049A46 /* Assets.xcassets in Resources */,
				94AE293026A9E61000049A46 /* Main.storyboard in Resources */,
			);
			runOnlyForDeploymentPostprocessing = 0;
		};
/* End PBXResourcesBuildPhase section */

/* Begin PBXSourcesBuildPhase section */
		94AE292126A9E61000049A46 /* Sources */ = {
			isa = PBXSourcesBuildPhase;
			buildActionMask = 2147483647;
			files = (
				849192F726A9EDE100E0C6C3 /* CustomHeader.swift in Sources */,
				94AE292926A9E61000049A46 /* AppDelegate.swift in Sources */,
				849192FC26A9F74D00E0C6C3 /* CustomSegment.swift in Sources */,
				849192FA26A9F18B00E0C6C3 /* CustomButton.swift in Sources */,
				94AE294826A9E7BE00049A46 /* BMICalculatorViewModel.swift in Sources */,
				94AE294326A9E6E200049A46 /* BMICalculatorViewController.swift in Sources */,
				94AE292B26A9E61000049A46 /* SceneDelegate.swift in Sources */,
			);
			runOnlyForDeploymentPostprocessing = 0;
		};
/* End PBXSourcesBuildPhase section */

/* Begin PBXVariantGroup section */
		94AE292E26A9E61000049A46 /* Main.storyboard */ = {
			isa = PBXVariantGroup;
			children = (
				94AE292F26A9E61000049A46 /* Base */,
			);
			name = Main.storyboard;
			sourceTree = "<group>";
		};
		94AE293326A9E61200049A46 /* LaunchScreen.storyboard */ = {
			isa = PBXVariantGroup;
			children = (
				94AE293426A9E61200049A46 /* Base */,
			);
			name = LaunchScreen.storyboard;
			sourceTree = "<group>";
		};
/* End PBXVariantGroup section */

/* Begin XCBuildConfiguration section */
		94AE293726A9E61200049A46 /* Debug */ = {
			isa = XCBuildConfiguration;
			buildSettings = {
				ALWAYS_SEARCH_USER_PATHS = NO;
				CLANG_ANALYZER_NONNULL = YES;
				CLANG_ANALYZER_NUMBER_OBJECT_CONVERSION = YES_AGGRESSIVE;
				CLANG_CXX_LANGUAGE_STANDARD = "gnu++14";
				CLANG_CXX_LIBRARY = "libc++";
				CLANG_ENABLE_MODULES = YES;
				CLANG_ENABLE_OBJC_ARC = YES;
				CLANG_ENABLE_OBJC_WEAK = YES;
				CLANG_WARN_BLOCK_CAPTURE_AUTORELEASING = YES;
				CLANG_WARN_BOOL_CONVERSION = YES;
				CLANG_WARN_COMMA = YES;
				CLANG_WARN_CONSTANT_CONVERSION = YES;
				CLANG_WARN_DEPRECATED_OBJC_IMPLEMENTATIONS = YES;
				CLANG_WARN_DIRECT_OBJC_ISA_USAGE = YES_ERROR;
				CLANG_WARN_DOCUMENTATION_COMMENTS = YES;
				CLANG_WARN_EMPTY_BODY = YES;
				CLANG_WARN_ENUM_CONVERSION = YES;
				CLANG_WARN_INFINITE_RECURSION = YES;
				CLANG_WARN_INT_CONVERSION = YES;
				CLANG_WARN_NON_LITERAL_NULL_CONVERSION = YES;
				CLANG_WARN_OBJC_IMPLICIT_RETAIN_SELF = YES;
				CLANG_WARN_OBJC_LITERAL_CONVERSION = YES;
				CLANG_WARN_OBJC_ROOT_CLASS = YES_ERROR;
				CLANG_WARN_QUOTED_INCLUDE_IN_FRAMEWORK_HEADER = YES;
				CLANG_WARN_RANGE_LOOP_ANALYSIS = YES;
				CLANG_WARN_STRICT_PROTOTYPES = YES;
				CLANG_WARN_SUSPICIOUS_MOVE = YES;
				CLANG_WARN_UNGUARDED_AVAILABILITY = YES_AGGRESSIVE;
				CLANG_WARN_UNREACHABLE_CODE = YES;
				CLANG_WARN__DUPLICATE_METHOD_MATCH = YES;
				COPY_PHASE_STRIP = NO;
				DEBUG_INFORMATION_FORMAT = dwarf;
				ENABLE_STRICT_OBJC_MSGSEND = YES;
				ENABLE_TESTABILITY = YES;
				GCC_C_LANGUAGE_STANDARD = gnu11;
				GCC_DYNAMIC_NO_PIC = NO;
				GCC_NO_COMMON_BLOCKS = YES;
				GCC_OPTIMIZATION_LEVEL = 0;
				GCC_PREPROCESSOR_DEFINITIONS = (
					"DEBUG=1",
					"$(inherited)",
				);
				GCC_WARN_64_TO_32_BIT_CONVERSION = YES;
				GCC_WARN_ABOUT_RETURN_TYPE = YES_ERROR;
				GCC_WARN_UNDECLARED_SELECTOR = YES;
				GCC_WARN_UNINITIALIZED_AUTOS = YES_AGGRESSIVE;
				GCC_WARN_UNUSED_FUNCTION = YES;
				GCC_WARN_UNUSED_VARIABLE = YES;
				IPHONEOS_DEPLOYMENT_TARGET = 14.4;
				MTL_ENABLE_DEBUG_INFO = INCLUDE_SOURCE;
				MTL_FAST_MATH = YES;
				ONLY_ACTIVE_ARCH = YES;
				SDKROOT = iphoneos;
				SWIFT_ACTIVE_COMPILATION_CONDITIONS = DEBUG;
				SWIFT_OPTIMIZATION_LEVEL = "-Onone";
			};
			name = Debug;
		};
		94AE293826A9E61200049A46 /* Release */ = {
			isa = XCBuildConfiguration;
			buildSettings = {
				ALWAYS_SEARCH_USER_PATHS = NO;
				CLANG_ANALYZER_NONNULL = YES;
				CLANG_ANALYZER_NUMBER_OBJECT_CONVERSION = YES_AGGRESSIVE;
				CLANG_CXX_LANGUAGE_STANDARD = "gnu++14";
				CLANG_CXX_LIBRARY = "libc++";
				CLANG_ENABLE_MODULES = YES;
				CLANG_ENABLE_OBJC_ARC = YES;
				CLANG_ENABLE_OBJC_WEAK = YES;
				CLANG_WARN_BLOCK_CAPTURE_AUTORELEASING = YES;
				CLANG_WARN_BOOL_CONVERSION = YES;
				CLANG_WARN_COMMA = YES;
				CLANG_WARN_CONSTANT_CONVERSION = YES;
				CLANG_WARN_DEPRECATED_OBJC_IMPLEMENTATIONS = YES;
				CLANG_WARN_DIRECT_OBJC_ISA_USAGE = YES_ERROR;
				CLANG_WARN_DOCUMENTATION_COMMENTS = YES;
				CLANG_WARN_EMPTY_BODY = YES;
				CLANG_WARN_ENUM_CONVERSION = YES;
				CLANG_WARN_INFINITE_RECURSION = YES;
				CLANG_WARN_INT_CONVERSION = YES;
				CLANG_WARN_NON_LITERAL_NULL_CONVERSION = YES;
				CLANG_WARN_OBJC_IMPLICIT_RETAIN_SELF = YES;
				CLANG_WARN_OBJC_LITERAL_CONVERSION = YES;
				CLANG_WARN_OBJC_ROOT_CLASS = YES_ERROR;
				CLANG_WARN_QUOTED_INCLUDE_IN_FRAMEWORK_HEADER = YES;
				CLANG_WARN_RANGE_LOOP_ANALYSIS = YES;
				CLANG_WARN_STRICT_PROTOTYPES = YES;
				CLANG_WARN_SUSPICIOUS_MOVE = YES;
				CLANG_WARN_UNGUARDED_AVAILABILITY = YES_AGGRESSIVE;
				CLANG_WARN_UNREACHABLE_CODE = YES;
				CLANG_WARN__DUPLICATE_METHOD_MATCH = YES;
				COPY_PHASE_STRIP = NO;
				DEBUG_INFORMATION_FORMAT = "dwarf-with-dsym";
				ENABLE_NS_ASSERTIONS = NO;
				ENABLE_STRICT_OBJC_MSGSEND = YES;
				GCC_C_LANGUAGE_STANDARD = gnu11;
				GCC_NO_COMMON_BLOCKS = YES;
				GCC_WARN_64_TO_32_BIT_CONVERSION = YES;
				GCC_WARN_ABOUT_RETURN_TYPE = YES_ERROR;
				GCC_WARN_UNDECLARED_SELECTOR = YES;
				GCC_WARN_UNINITIALIZED_AUTOS = YES_AGGRESSIVE;
				GCC_WARN_UNUSED_FUNCTION = YES;
				GCC_WARN_UNUSED_VARIABLE = YES;
				IPHONEOS_DEPLOYMENT_TARGET = 14.4;
				MTL_ENABLE_DEBUG_INFO = NO;
				MTL_FAST_MATH = YES;
				SDKROOT = iphoneos;
				SWIFT_COMPILATION_MODE = wholemodule;
				SWIFT_OPTIMIZATION_LEVEL = "-O";
				VALIDATE_PRODUCT = YES;
			};
			name = Release;
		};
		94AE293A26A9E61200049A46 /* Debug */ = {
			isa = XCBuildConfiguration;
			buildSettings = {
				ASSETCATALOG_COMPILER_APPICON_NAME = AppIcon;
				ASSETCATALOG_COMPILER_GLOBAL_ACCENT_COLOR_NAME = AccentColor;
				CODE_SIGN_STYLE = Automatic;
				DEVELOPMENT_TEAM = G7Y5M66GHQ;
				INFOPLIST_FILE = BestZeit/Info.plist;
				LD_RUNPATH_SEARCH_PATHS = (
					"$(inherited)",
					"@executable_path/Frameworks",
				);
				PRODUCT_BUNDLE_IDENTIFIER = mousa.BestZeit;
				PRODUCT_NAME = "$(TARGET_NAME)";
				SWIFT_VERSION = 5.0;
				TARGETED_DEVICE_FAMILY = "1,2";
			};
			name = Debug;
		};
		94AE293B26A9E61200049A46 /* Release */ = {
			isa = XCBuildConfiguration;
			buildSettings = {
				ASSETCATALOG_COMPILER_APPICON_NAME = AppIcon;
				ASSETCATALOG_COMPILER_GLOBAL_ACCENT_COLOR_NAME = AccentColor;
				CODE_SIGN_STYLE = Automatic;
				DEVELOPMENT_TEAM = G7Y5M66GHQ;
				INFOPLIST_FILE = BestZeit/Info.plist;
				LD_RUNPATH_SEARCH_PATHS = (
					"$(inherited)",
					"@executable_path/Frameworks",
				);
				PRODUCT_BUNDLE_IDENTIFIER = mousa.BestZeit;
				PRODUCT_NAME = "$(TARGET_NAME)";
				SWIFT_VERSION = 5.0;
				TARGETED_DEVICE_FAMILY = "1,2";
			};
			name = Release;
		};
/* End XCBuildConfiguration section */

/* Begin XCConfigurationList section */
		94AE292026A9E61000049A46 /* Build configuration list for PBXProject "BestZeit" */ = {
			isa = XCConfigurationList;
			buildConfigurations = (
				94AE293726A9E61200049A46 /* Debug */,
				94AE293826A9E61200049A46 /* Release */,
			);
			defaultConfigurationIsVisible = 0;
			defaultConfigurationName = Release;
		};
		94AE293926A9E61200049A46 /* Build configuration list for PBXNativeTarget "BestZeit" */ = {
			isa = XCConfigurationList;
			buildConfigurations = (
				94AE293A26A9E61200049A46 /* Debug */,
				94AE293B26A9E61200049A46 /* Release */,
			);
			defaultConfigurationIsVisible = 0;
			defaultConfigurationName = Release;
		};
/* End XCConfigurationList section */
	};
	rootObject = 94AE291D26A9E61000049A46 /* Project object */;
}
